
Microsoft Visual Studio Solution File, Format Version 12.00
# Visual Studio Version 17
VisualStudioVersion = 17.9.34728.123
MinimumVisualStudioVersion = 10.0.40219.1
Project("{9A19103F-16F7-4668-BE54-9A1E7A4F7556}") = "PRN231_PetCare", "PRN231_PetCare\PRN231_PetCare.csproj", "{30E80CBD-F139-4306-852B-59223621733D}"
EndProject
Project("{FAE04EC0-301F-11D3-BF4B-00C04F79EFBC}") = "Domain", "Domain\Domain.csproj", "{9657654B-1BD9-41C9-911D-714936B8099F}"
EndProject
Project("{FAE04EC0-301F-11D3-BF4B-00C04F79EFBC}") = "Infrastructure", "Infrastructure\Infrastructure.csproj", "{80604613-C5C8-44EE-B522-812592190486}"
EndProject
Project("{FAE04EC0-301F-11D3-BF4B-00C04F79EFBC}") = "Application", "Application\Application.csproj", "{7C996AAA-A905-4359-BE91-8D9B587CF894}"
EndProject
Global
	GlobalSection(SolutionConfigurationPlatforms) = preSolution
		Debug|Any CPU = Debug|Any CPU
		Release|Any CPU = Release|Any CPU
	EndGlobalSection
	GlobalSection(ProjectConfigurationPlatforms) = postSolution
		{30E80CBD-F139-4306-852B-59223621733D}.Debug|Any CPU.ActiveCfg = Debug|Any CPU
		{30E80CBD-F139-4306-852B-59223621733D}.Debug|Any CPU.Build.0 = Debug|Any CPU
		{30E80CBD-F139-4306-852B-59223621733D}.Release|Any CPU.ActiveCfg = Release|Any CPU
		{30E80CBD-F139-4306-852B-59223621733D}.Release|Any CPU.Build.0 = Release|Any CPU
		{9657654B-1BD9-41C9-911D-714936B8099F}.Debug|Any CPU.ActiveCfg = Debug|Any CPU
		{9657654B-1BD9-41C9-911D-714936B8099F}.Debug|Any CPU.Build.0 = Debug|Any CPU
		{9657654B-1BD9-41C9-911D-714936B8099F}.Release|Any CPU.ActiveCfg = Release|Any CPU
		{9657654B-1BD9-41C9-911D-714936B8099F}.Release|Any CPU.Build.0 = Release|Any CPU
		{80604613-C5C8-44EE-B522-812592190486}.Debug|Any CPU.ActiveCfg = Debug|Any CPU
		{80604613-C5C8-44EE-B522-812592190486}.Debug|Any CPU.Build.0 = Debug|Any CPU
		{80604613-C5C8-44EE-B522-812592190486}.Release|Any CPU.ActiveCfg = Release|Any CPU
		{80604613-C5C8-44EE-B522-812592190486}.Release|Any CPU.Build.0 = Release|Any CPU
		{7C996AAA-A905-4359-BE91-8D9B587CF894}.Debug|Any CPU.ActiveCfg = Debug|Any CPU
		{7C996AAA-A905-4359-BE91-8D9B587CF894}.Debug|Any CPU.Build.0 = Debug|Any CPU
		{7C996AAA-A905-4359-BE91-8D9B587CF894}.Release|Any CPU.ActiveCfg = Release|Any CPU
		{7C996AAA-A905-4359-BE91-8D9B587CF894}.Release|Any CPU.Build.0 = Release|Any CPU
	EndGlobalSection
	GlobalSection(SolutionProperties) = preSolution
		HideSolutionNode = FALSE
	EndGlobalSection
	GlobalSection(ExtensibilityGlobals) = postSolution
		SolutionGuid = {DC22523C-6F45-4D02-BE8D-C16EBDE25D59}
	EndGlobalSection
EndGlobal
